schema: temper-lock/v1
entries:
  qwen38-dynamic-q4xl:
    repo: unsloth/Qwen3.8-27B-GGUF
    revision: 4ca720788d1e01f1bff70c033e0d0028fd02e502
    files:
      - name: Qwen3.8-27B-UD-Q4_K_XL.gguf
        sha256: 3f227079003add2511437e5b1e94812e363385225bf6a9b47b0054a72bc8b01e
    patches:
      - name: qwen38-froggeric-template
        sha256: c47c82b0544752d454f4e427228d9d9d8c3df64c9e446cbd0229362f67948009
    resolved: 2026-08-27
